{
    "_readme": [
        "This file locks the dependencies of your project to a known state",
        "Read more about it at https://getcomposer.org/doc/01-basic-usage.md#composer-lock-the-lock-file",
        "This file is @generated automatically"
    ],
    "content-hash": "f88ed01266df07d2185f40f717aa0427",
    "packages": [
        {
            "name": "claviska/simpleimage",
            "version": "3.3.3",
            "source": {
                "type": "git",
                "url": "https://github.com/claviska/SimpleImage.git",
                "reference": "31ba5b8358e1663a2813e2ada7242fa8d97a96dc"
            },
            "dist": {
                "type": "zip",
                "url": "https://api.github.com/repos/claviska/SimpleImage/zipball/31ba5b8358e1663a2813e2ada7242fa8d97a96dc",
                "reference": "31ba5b8358e1663a2813e2ada7242fa8d97a96dc",
                "shasum": ""
            },
            "require": {
                "ext-gd": "*",
                "league/color-extractor": "0.3.*",
                "php": ">=5.6.0"
            },
            "type": "library",
            "autoload": {
                "psr-0": {
                    "claviska": "src/"
                }
            },
            "notification-url": "https://packagist.org/downloads/",
            "license": [
                "MIT"
            ],
            "authors": [
                {
                    "name": "Cory LaViska",
                    "homepage": "http://www.abeautifulsite.net/",
                    "role": "Developer"
                }
            ],
            "description": "A PHP class that makes working with images as simple as possible.",
            "time": "2017-09-12T09:03:56+00:00"
        },
        {
            "name": "league/color-extractor",
            "version": "0.3.2",
            "source": {
                "type": "git",
                "url": "https://github.com/thephpleague/color-extractor.git",
                "reference": "837086ec60f50c84c611c613963e4ad2e2aec806"
            },
            "dist": {
                "type": "zip",
                "url": "https://api.github.com/repos/thephpleague/color-extractor/zipball/837086ec60f50c84c611c613963e4ad2e2aec806",
                "reference": "837086ec60f50c84c611c613963e4ad2e2aec806",
                "shasum": ""
            },
            "require": {
                "ext-gd": "*",
                "php": ">=5.4.0"
            },
            "replace": {
                "matthecat/colorextractor": "*"
            },
            "require-dev": {
                "friendsofphp/php-cs-fixer": "~2",
                "phpunit/phpunit": "~5"
            },
            "type": "library",
            "autoload": {
                "psr-4": {
                    "": "src"
                }
            },
            "notification-url": "https://packagist.org/downloads/",
            "license": [
                "MIT"
            ],
            "authors": [
                {
                    "name": "Mathieu Lechat",
                    "email": "math.lechat@gmail.com",
                    "homepage": "http://matthecat.com",
                    "role": "Developer"
                }
            ],
            "description": "Extract colors from an image as a human would do.",
            "homepage": "https://github.com/thephpleague/color-extractor",
            "keywords": [
                "color",
                "extract",
                "human",
                "image",
                "palette"
            ],
            "time": "2016-12-15T09:30:02+00:00"
        },
        {
            "name": "league/uri",
            "version": "5.2.0",
            "source": {
                "type": "git",
                "url": "https://github.com/thephpleague/uri.git",
                "reference": "872194ac1ca5e51fbb9e0e5ba4d27f91aa783e82"
            },
            "dist": {
                "type": "zip",
                "url": "https://api.github.com/repos/thephpleague/uri/zipball/872194ac1ca5e51fbb9e0e5ba4d27f91aa783e82",
                "reference": "872194ac1ca5e51fbb9e0e5ba4d27f91aa783e82",
                "shasum": ""
            },
            "require": {
                "ext-fileinfo": "*",
                "ext-intl": "*",
                "ext-mbstring": "*",
                "league/uri-components": "^1.5.0",
                "league/uri-hostname-parser": "^1.0.4",
                "league/uri-interfaces": "^1.0",
                "league/uri-manipulations": "^1.3",
                "league/uri-parser": "^1.3.0",
                "league/uri-schemes": "^1.1.1",
                "php": ">=7.0.13",
                "psr/http-message": "^1.0"
            },
            "type": "metapackage",
            "extra": {
                "branch-alias": {
                    "dev-master": "5.x-dev"
                }
            },
            "notification-url": "https://packagist.org/downloads/",
            "license": [
                "MIT"
            ],
            "authors": [
                {
                    "name": "Ignace Nyamagana Butera",
                    "email": "nyamsprod@gmail.com",
                    "homepage": "https://nyamsprod.com"
                }
            ],
            "description": "URI manipulation library",
            "homepage": "http://uri.thephpleague.com",
            "keywords": [
                "data-uri",
                "file-uri",
                "ftp",
                "hostname",
                "http",
                "https",
                "middleware",
                "parse_str",
                "parse_url",
                "psr-7",
                "query-string",
                "querystring",
                "rfc3986",
                "rfc3987",
                "uri",
                "url",
                "ws"
            ],
            "time": "2017-12-01T13:36:42+00:00"
        },
        {
            "name": "league/uri-components",
            "version": "1.7.1",
            "source": {
                "type": "git",
                "url": "https://github.com/thephpleague/uri-components.git",
                "reference": "fc7058401f356b8cf51ed75bad37c55c0dd960e2"
            },
            "dist": {
                "type": "zip",
                "url": "https://api.github.com/repos/thephpleague/uri-components/zipball/fc7058401f356b8cf51ed75bad37c55c0dd960e2",
                "reference": "fc7058401f356b8cf51ed75bad37c55c0dd960e2",
                "shasum": ""
            },
            "require": {
                "ext-curl": "*",
                "ext-fileinfo": "*",
                "ext-intl": "*",
                "ext-mbstring": "*",
                "league/uri-hostname-parser": "^1.1.0",
                "php": ">=7.0"
            },
            "require-dev": {
                "friendsofphp/php-cs-fixer": "^2.3",
                "phpstan/phpstan": "^0.9.0",
                "phpunit/phpunit": "^6.0"
            },
            "type": "library",
            "extra": {
                "branch-alias": {
                    "dev-master": "1.0.x-dev"
                }
            },
            "autoload": {
                "psr-4": {
                    "League\\Uri\\": "src"
                },
                "files": [
                    "src/functions_include.php"
                ]
            },
            "notification-url": "https://packagist.org/downloads/",
            "license": [
                "MIT"
            ],
            "authors": [
                {
                    "name": "Ignace Nyamagana Butera",
                    "email": "nyamsprod@gmail.com",
                    "homepage": "https://nyamsprod.com"
                }
            ],
            "description": "URI components manipulation library",
            "homepage": "http://uri.thephpleague.com",
            "keywords": [
                "authority",
                "components",
                "fragment",
                "host",
                "path",
                "port",
                "query",
                "rfc3986",
                "scheme",
                "uri",
                "url",
                "userinfo"
            ],
            "time": "2018-02-16T07:44:04+00:00"
        },
        {
            "name": "league/uri-hostname-parser",
            "version": "1.1.1",
            "source": {
                "type": "git",
                "url": "https://github.com/thephpleague/uri-hostname-parser.git",
                "reference": "7a6be3d06d0ed08dcb51f666aa60f3b66cd51325"
            },
            "dist": {
                "type": "zip",
                "url": "https://api.github.com/repos/thephpleague/uri-hostname-parser/zipball/7a6be3d06d0ed08dcb51f666aa60f3b66cd51325",
                "reference": "7a6be3d06d0ed08dcb51f666aa60f3b66cd51325",
                "shasum": ""
            },
            "require": {
                "ext-intl": "*",
                "php": ">=7.0",
                "psr/simple-cache": "^1"
            },
            "require-dev": {
                "friendsofphp/php-cs-fixer": "^2.7",
                "mikey179/vfsstream": "^1.6",
                "phpunit/phpunit": "^6.3"
            },
            "suggest": {
                "ext-curl": "To use the bundle cURL HTTP client",
                "psr/simple-cache-implementation": "To enable using other cache providers"
            },
            "bin": [
                "bin/update-psl-icann-section"
            ],
            "type": "library",
            "autoload": {
                "psr-4": {
                    "League\\Uri\\": "src"
                },
                "files": [
                    "src/functions_include.php"
                ]
            },
            "notification-url": "https://packagist.org/downloads/",
            "license": [
                "MIT"
            ],
            "authors": [
                {
                    "name": "Jeremy Kendall",
                    "homepage": "http://about.me/jeremykendall",
                    "role": "Developer"
                },
                {
                    "name": "Ignace Nyamagana Butera",
                    "homepage": "http://nyamsprod.com",
                    "role": "Developer"
                },
                {
                    "name": "Contributors",
                    "homepage": "https://github.com/phpleague/uri-hostname-parser/graphs/contributors"
                }
            ],
            "description": "ICANN base hostname parsing implemented in PHP.",
            "homepage": "https://github.com/thephphleague/uri-hostname-parser",
            "keywords": [
                "Public Suffix List",
                "domain parsing",
                "icann"
            ],
            "time": "2018-02-16T07:29:26+00:00"
        },
        {
            "name": "league/uri-interfaces",
            "version": "1.0.0",
            "source": {
                "type": "git",
                "url": "https://github.com/thephpleague/uri-interfaces.git",
                "reference": "dcc0be58e8b35a726274249e5eee053be1a56b66"
            },
            "dist": {
                "type": "zip",
                "url": "https://api.github.com/repos/thephpleague/uri-interfaces/zipball/dcc0be58e8b35a726274249e5eee053be1a56b66",
                "reference": "dcc0be58e8b35a726274249e5eee053be1a56b66",
                "shasum": ""
            },
            "require": {
                "php": ">=5.3.0"
            },
            "require-dev": {
                "friendsofphp/php-cs-fixer": "^1.0.0"
            },
            "type": "library",
            "extra": {
                "branch-alias": {
                    "dev-master": "1.0.x-dev"
                }
            },
            "autoload": {
                "psr-4": {
                    "League\\Uri\\Interfaces\\": "src/"
                }
            },
            "notification-url": "https://packagist.org/downloads/",
            "license": [
                "MIT"
            ],
            "authors": [
                {
                    "name": "Ignace Nyamagana Butera",
                    "email": "nyamsprod@gmail.com",
                    "homepage": "https://nyamsprod.com"
                }
            ],
            "description": "Common interface for URI representation",
            "homepage": "http://github.com/thephpleague/uri-interfaces",
            "keywords": [
                "rfc3986",
                "rfc3987",
                "uri",
                "url"
            ],
            "time": "2017-01-04T08:02:42+00:00"
        },
        {
            "name": "league/uri-manipulations",
            "version": "1.4.0",
            "source": {
                "type": "git",
                "url": "https://github.com/thephpleague/uri-manipulations.git",
                "reference": "7b1344490a293e2bd2a313afc6a95927cec4c2b3"
            },
            "dist": {
                "type": "zip",
                "url": "https://api.github.com/repos/thephpleague/uri-manipulations/zipball/7b1344490a293e2bd2a313afc6a95927cec4c2b3",
                "reference": "7b1344490a293e2bd2a313afc6a95927cec4c2b3",
                "shasum": ""
            },
            "require": {
                "league/uri-components": "^1.7.0",
                "league/uri-interfaces": "^1.0",
                "php": ">=7.0",
                "psr/http-message": "^1.0"
            },
            "require-dev": {
                "friendsofphp/php-cs-fixer": "^2.0",
                "guzzlehttp/psr7": "^1.2",
                "league/uri-schemes": "^1.0",
                "phpunit/phpunit": "^6.0",
                "zendframework/zend-diactoros": "1.4.0"
            },
            "suggest": {
                "league/uri-schemes": "Allow manipulating URI objects"
            },
            "type": "library",
            "extra": {
                "branch-alias": {
                    "dev-master": "1.0.x-dev"
                }
            },
            "autoload": {
                "psr-4": {
                    "League\\Uri\\": "src"
                },
                "files": [
                    "src/functions_include.php"
                ]
            },
            "notification-url": "https://packagist.org/downloads/",
            "license": [
                "MIT"
            ],
            "authors": [
                {
                    "name": "Ignace Nyamagana Butera",
                    "email": "nyamsprod@gmail.com",
                    "homepage": "https://nyamsprod.com"
                }
            ],
            "description": "URI manipulation library",
            "homepage": "http://url.thephpleague.com",
            "keywords": [
                "formatter",
                "manipulation",
                "manipulations",
                "middlewares",
                "modifiers",
                "psr-7",
                "references",
                "rfc3986",
                "rfc3987",
                "uri",
                "url"
            ],
            "time": "2018-02-06T11:37:57+00:00"
        },
        {
            "name": "league/uri-parser",
            "version": "1.3.0",
            "source": {
                "type": "git",
                "url": "https://github.com/thephpleague/uri-parser.git",
                "reference": "f3c99b77f0cba4446dad2eca8c57227fcda0f39b"
            },
            "dist": {
                "type": "zip",
                "url": "https://api.github.com/repos/thephpleague/uri-parser/zipball/f3c99b77f0cba4446dad2eca8c57227fcda0f39b",
                "reference": "f3c99b77f0cba4446dad2eca8c57227fcda0f39b",
                "shasum": ""
            },
            "require": {
                "ext-intl": "*",
                "php": ">=7.0.0"
            },
            "require-dev": {
                "friendsofphp/php-cs-fixer": "^2.0",
                "phpunit/phpunit": "^6.0"
            },
            "suggest": {
                "league/uri-schemes": "Allow validating and normalizing URI parsing results"
            },
            "type": "library",
            "extra": {
                "branch-alias": {
                    "dev-master": "1.x-dev"
                }
            },
            "autoload": {
                "psr-4": {
                    "League\\Uri\\": "src"
                },
                "files": [
                    "src/functions_include.php"
                ]
            },
            "notification-url": "https://packagist.org/downloads/",
            "license": [
                "MIT"
            ],
            "authors": [
                {
                    "name": "Ignace Nyamagana Butera",
                    "email": "nyamsprod@gmail.com",
                    "homepage": "https://nyamsprod.com"
                }
            ],
            "description": "userland URI parser RFC 3986 compliant",
            "homepage": "https://github.com/thephpleague/uri-parser",
            "keywords": [
                "parse_url",
                "parser",
                "rfc3986",
                "uri",
                "url"
            ],
            "time": "2017-12-01T11:53:01+00:00"
        },
        {
            "name": "league/uri-schemes",
            "version": "1.1.1",
            "source": {
                "type": "git",
                "url": "https://github.com/thephpleague/uri-schemes.git",
                "reference": "fd2448689186bfff27a112aa21d82931f4b366c5"
            },
            "dist": {
                "type": "zip",
                "url": "https://api.github.com/repos/thephpleague/uri-schemes/zipball/fd2448689186bfff27a112aa21d82931f4b366c5",
                "reference": "fd2448689186bfff27a112aa21d82931f4b366c5",
                "shasum": ""
            },
            "require": {
                "ext-fileinfo": "*",
                "ext-intl": "*",
                "ext-mbstring": "*",
                "league/uri-interfaces": "^1.0",
                "league/uri-parser": "^1.3.0",
                "php": ">=7.0.13",
                "psr/http-message": "^1.0"
            },
            "require-dev": {
                "friendsofphp/php-cs-fixer": "^2.0",
                "phpunit/phpunit": "^6.0"
            },
            "suggest": {
                "league/uri-manipulations": "Needed to easily manipulate URI objects"
            },
            "type": "library",
            "extra": {
                "branch-alias": {
                    "dev-master": "1.0.x-dev"
                }
            },
            "autoload": {
                "psr-4": {
                    "League\\Uri\\": "src"
                },
                "files": [
                    "src/functions_include.php"
                ]
            },
            "notification-url": "https://packagist.org/downloads/",
            "license": [
                "MIT"
            ],
            "authors": [
                {
                    "name": "Ignace Nyamagana Butera",
                    "email": "nyamsprod@gmail.com",
                    "homepage": "https://nyamsprod.com"
                }
            ],
            "description": "URI manipulation library",
            "homepage": "http://uri.thephpleague.com",
            "keywords": [
                "data-uri",
                "file",
                "ftp",
                "http",
                "https",
                "parse_url",
                "psr-7",
                "rfc3986",
                "uri",
                "url",
                "ws",
                "wss"
            ],
            "time": "2017-12-01T12:05:37+00:00"
        },
        {
            "name": "paragonie/random_compat",
            "version": "v2.0.11",
            "source": {
                "type": "git",
                "url": "https://github.com/paragonie/random_compat.git",
                "reference": "5da4d3c796c275c55f057af5a643ae297d96b4d8"
            },
            "dist": {
                "type": "zip",
                "url": "https://api.github.com/repos/paragonie/random_compat/zipball/5da4d3c796c275c55f057af5a643ae297d96b4d8",
                "reference": "5da4d3c796c275c55f057af5a643ae297d96b4d8",
                "shasum": ""
            },
            "require": {
                "php": ">=5.2.0"
            },
            "require-dev": {
                "phpunit/phpunit": "4.*|5.*"
            },
            "suggest": {
                "ext-libsodium": "Provides a modern crypto API that can be used to generate random bytes."
            },
            "type": "library",
            "autoload": {
                "files": [
                    "lib/random.php"
                ]
            },
            "notification-url": "https://packagist.org/downloads/",
            "license": [
                "MIT"
            ],
            "authors": [
                {
                    "name": "Paragon Initiative Enterprises",
                    "email": "security@paragonie.com",
                    "homepage": "https://paragonie.com"
                }
            ],
            "description": "PHP 5.x polyfill for random_bytes() and random_int() from PHP 7",
            "keywords": [
                "csprng",
                "pseudorandom",
                "random"
            ],
            "time": "2017-09-27T21:40:39+00:00"
        },
        {
            "name": "psr/http-message",
            "version": "1.0.1",
            "source": {
                "type": "git",
                "url": "https://github.com/php-fig/http-message.git",
                "reference": "f6561bf28d520154e4b0ec72be95418abe6d9363"
            },
            "dist": {
                "type": "zip",
                "url": "https://api.github.com/repos/php-fig/http-message/zipball/f6561bf28d520154e4b0ec72be95418abe6d9363",
                "reference": "f6561bf28d520154e4b0ec72be95418abe6d9363",
                "shasum": ""
            },
            "require": {
                "php": ">=5.3.0"
            },
            "type": "library",
            "extra": {
                "branch-alias": {
                    "dev-master": "1.0.x-dev"
                }
            },
            "autoload": {
                "psr-4": {
                    "Psr\\Http\\Message\\": "src/"
                }
            },
            "notification-url": "https://packagist.org/downloads/",
            "license": [
                "MIT"
            ],
            "authors": [
                {
                    "name": "PHP-FIG",
                    "homepage": "http://www.php-fig.org/"
                }
            ],
            "description": "Common interface for HTTP messages",
            "homepage": "https://github.com/php-fig/http-message",
            "keywords": [
                "http",
                "http-message",
                "psr",
                "psr-7",
                "request",
                "response"
            ],
            "time": "2016-08-06T14:39:51+00:00"
        },
        {
            "name": "psr/simple-cache",
            "version": "1.0.1",
            "source": {
                "type": "git",
                "url": "https://github.com/php-fig/simple-cache.git",
                "reference": "408d5eafb83c57f6365a3ca330ff23aa4a5fa39b"
            },
            "dist": {
                "type": "zip",
                "url": "https://api.github.com/repos/php-fig/simple-cache/zipball/408d5eafb83c57f6365a3ca330ff23aa4a5fa39b",
                "reference": "408d5eafb83c57f6365a3ca330ff23aa4a5fa39b",
                "shasum": ""
            },
            "require": {
                "php": ">=5.3.0"
            },
            "type": "library",
            "extra": {
                "branch-alias": {
                    "dev-master": "1.0.x-dev"
                }
            },
            "autoload": {
                "psr-4": {
                    "Psr\\SimpleCache\\": "src/"
                }
            },
            "notification-url": "https://packagist.org/downloads/",
            "license": [
                "MIT"
            ],
            "authors": [
                {
                    "name": "PHP-FIG",
                    "homepage": "http://www.php-fig.org/"
                }
            ],
            "description": "Common interfaces for simple caching",
            "keywords": [
                "cache",
                "caching",
                "psr",
                "psr-16",
                "simple-cache"
            ],
            "time": "2017-10-23T01:57:42+00:00"
        },
        {
            "name": "ramsey/uuid",
            "version": "3.6.1",
            "source": {
                "type": "git",
                "url": "https://github.com/ramsey/uuid.git",
                "reference": "4ae32dd9ab8860a4bbd750ad269cba7f06f7934e"
            },
            "dist": {
                "type": "zip",
                "url": "https://api.github.com/repos/ramsey/uuid/zipball/4ae32dd9ab8860a4bbd750ad269cba7f06f7934e",
                "reference": "4ae32dd9ab8860a4bbd750ad269cba7f06f7934e",
                "shasum": ""
            },
            "require": {
                "paragonie/random_compat": "^1.0|^2.0",
                "php": "^5.4 || ^7.0"
            },
            "replace": {
                "rhumsaa/uuid": "self.version"
            },
            "require-dev": {
                "apigen/apigen": "^4.1",
                "codeception/aspect-mock": "^1.0 | ^2.0",
                "doctrine/annotations": "~1.2.0",
                "goaop/framework": "1.0.0-alpha.2 | ^1.0 | ^2.1",
                "ircmaxell/random-lib": "^1.1",
                "jakub-onderka/php-parallel-lint": "^0.9.0",
                "mockery/mockery": "^0.9.4",
                "moontoast/math": "^1.1",
                "php-mock/php-mock-phpunit": "^0.3|^1.1",
                "phpunit/phpunit": "^4.7|>=5.0 <5.4",
                "satooshi/php-coveralls": "^0.6.1",
                "squizlabs/php_codesniffer": "^2.3"
            },
            "suggest": {
                "ext-libsodium": "Provides the PECL libsodium extension for use with the SodiumRandomGenerator",
                "ext-uuid": "Provides the PECL UUID extension for use with the PeclUuidTimeGenerator and PeclUuidRandomGenerator",
                "ircmaxell/random-lib": "Provides RandomLib for use with the RandomLibAdapter",
                "moontoast/math": "Provides support for converting UUID to 128-bit integer (in string form).",
                "ramsey/uuid-console": "A console application for generating UUIDs with ramsey/uuid",
                "ramsey/uuid-doctrine": "Allows the use of Ramsey\\Uuid\\Uuid as Doctrine field type."
            },
            "type": "library",
            "extra": {
                "branch-alias": {
                    "dev-master": "3.x-dev"
                }
            },
            "autoload": {
                "psr-4": {
                    "Ramsey\\Uuid\\": "src/"
                }
            },
            "notification-url": "https://packagist.org/downloads/",
            "license": [
                "MIT"
            ],
            "authors": [
                {
                    "name": "Marijn Huizendveld",
                    "email": "marijn.huizendveld@gmail.com"
                },
                {
                    "name": "Thibaud Fabre",
                    "email": "thibaud@aztech.io"
                },
                {
                    "name": "Ben Ramsey",
                    "email": "ben@benramsey.com",
                    "homepage": "https://benramsey.com"
                }
            ],
            "description": "Formerly rhumsaa/uuid. A PHP 5.4+ library for generating RFC 4122 version 1, 3, 4, and 5 universally unique identifiers (UUID).",
            "homepage": "https://github.com/ramsey/uuid",
            "keywords": [
                "guid",
                "identifier",
                "uuid"
            ],
            "time": "2017-03-26T20:37:53+00:00"
        },
        {
            "name": "roave/security-advisories",
            "version": "dev-master",
            "source": {
                "type": "git",
                "url": "https://github.com/Roave/SecurityAdvisories.git",
                "reference": "ec43dc1b86eb2a634eff2bb581e518cf0f798507"
            },
            "dist": {
                "type": "zip",
                "url": "https://api.github.com/repos/Roave/SecurityAdvisories/zipball/ec43dc1b86eb2a634eff2bb581e518cf0f798507",
                "reference": "ec43dc1b86eb2a634eff2bb581e518cf0f798507",
                "shasum": ""
            },
            "conflict": {
                "3f/pygmentize": "<1.2",
                "adodb/adodb-php": "<5.20.6",
                "amphp/artax": "<1.0.6|>=2,<2.0.6",
                "asymmetricrypt/asymmetricrypt": ">=0,<9.9.99",
                "aws/aws-sdk-php": ">=3,<3.2.1",
                "bugsnag/bugsnag-laravel": ">=2,<2.0.2",
                "cakephp/cakephp": ">=1.3,<1.3.18|>=2,<2.4.99|>=2.5,<2.5.99|>=2.6,<2.6.12|>=2.7,<2.7.6|>=3,<3.0.15|>=3.1,<3.1.4",
                "cart2quote/module-quotation": ">=4.1.6,<=4.4.5|>=5,<5.4.4",
                "cartalyst/sentry": "<=2.1.6",
                "codeigniter/framework": "<=3.0.6",
                "composer/composer": "<=1.0.0-alpha11",
                "contao-components/mediaelement": ">=2.14.2,<2.21.1",
                "contao/core": ">=2,<3.5.32",
                "contao/core-bundle": ">=4,<4.4.8",
                "contao/listing-bundle": ">=4,<4.4.8",
                "contao/newsletter-bundle": ">=4,<4.1",
                "doctrine/annotations": ">=1,<1.2.7",
                "doctrine/cache": ">=1,<1.3.2|>=1.4,<1.4.2",
                "doctrine/common": ">=2,<2.4.3|>=2.5,<2.5.1",
                "doctrine/dbal": ">=2,<2.0.8|>=2.1,<2.1.2",
                "doctrine/doctrine-bundle": "<1.5.2",
                "doctrine/doctrine-module": "<=0.7.1",
                "doctrine/mongodb-odm": ">=1,<1.0.2",
                "doctrine/mongodb-odm-bundle": ">=2,<3.0.1",
                "doctrine/orm": ">=2,<2.4.8|>=2.5,<2.5.1",
                "dompdf/dompdf": ">=0.6,<0.6.2",
                "drupal/core": ">=8,<8.4.5",
                "drupal/drupal": ">=8,<8.3.7",
                "erusev/parsedown": "<1.7",
                "ezsystems/ezpublish-legacy": ">=5.3,<5.3.12.3|>=5.4,<5.4.11.3|>=2017.8,<2017.8.1.1|>=2017.12,<2017.12.2.1",
                "firebase/php-jwt": "<2",
                "friendsofsymfony/rest-bundle": ">=1.2,<1.2.2",
                "friendsofsymfony/user-bundle": ">=1.2,<1.3.5",
                "gree/jose": "<=2.2",
                "gregwar/rst": "<1.0.3",
                "guzzlehttp/guzzle": ">=6,<6.2.1|>=4.0.0-rc2,<4.2.4|>=5,<5.3.1",
                "illuminate/auth": ">=4,<4.0.99|>=4.1,<4.1.26",
                "illuminate/database": ">=4,<4.0.99|>=4.1,<4.1.29",
                "joomla/session": "<1.3.1",
                "laravel/framework": ">=4,<4.0.99|>=4.1,<4.1.29",
                "laravel/socialite": ">=1,<1.0.99|>=2,<2.0.10",
                "magento/magento1ce": ">=1.5.0.1,<1.9.3.2",
                "magento/magento1ee": ">=1.9,<1.14.3.2",
                "magento/magento2ce": ">=2,<2.2",
                "monolog/monolog": ">=1.8,<1.12",
                "namshi/jose": "<2.2",
                "onelogin/php-saml": "<2.10.4",
                "oro/crm": ">=1.7,<1.7.4",
                "oro/platform": ">=1.7,<1.7.4",
                "padraic/humbug_get_contents": "<1.1.2",
                "pagarme/pagarme-php": ">=0,<3",
                "paragonie/random_compat": "<2",
                "phpmailer/phpmailer": ">=5,<5.2.24",
                "phpunit/phpunit": ">=4.8.19,<4.8.28|>=5.0.10,<5.6.3",
                "phpxmlrpc/extras": "<0.6.1",
                "propel/propel": ">=2.0.0-alpha1,<=2.0.0-alpha7",
                "propel/propel1": ">=1,<=1.7.1",
                "pusher/pusher-php-server": "<2.2.1",
                "sabre/dav": ">=1.6,<1.6.99|>=1.7,<1.7.11|>=1.8,<1.8.9",
                "shopware/shopware": "<5.3.7",
                "silverstripe/cms": ">=3,<=3.0.11|>=3.1,<3.1.11",
                "silverstripe/forum": "<=0.6.1|>=0.7,<=0.7.3",
                "silverstripe/framework": ">=3,<3.3",
                "silverstripe/userforms": "<3",
                "simplesamlphp/saml2": "<1.10.4|>=2,<2.3.5|>=3,<3.1.1",
                "simplesamlphp/simplesamlphp": "<1.15.2",
                "simplesamlphp/simplesamlphp-module-infocard": "<1.0.1",
                "socalnick/scn-social-auth": "<1.15.2",
                "squizlabs/php_codesniffer": ">=1,<2.8.1",
                "stormpath/sdk": ">=0,<9.9.99",
                "swiftmailer/swiftmailer": ">=4,<5.4.5",
                "symfony/dependency-injection": ">=2,<2.0.17",
                "symfony/form": ">=2.3,<2.3.35|>=2.4,<2.6.12|>=2.7,<2.7.38|>=2.8,<2.8.31|>=3,<3.2.14|>=3.3,<3.3.13",
                "symfony/framework-bundle": ">=2,<2.3.18|>=2.4,<2.4.8|>=2.5,<2.5.2",
                "symfony/http-foundation": ">=2,<2.3.27|>=2.4,<2.5.11|>=2.6,<2.6.6",
                "symfony/http-kernel": ">=2,<2.3.29|>=2.4,<2.5.12|>=2.6,<2.6.8",
                "symfony/intl": ">=2.7,<2.7.38|>=2.8,<2.8.31|>=3,<3.2.14|>=3.3,<3.3.13",
                "symfony/routing": ">=2,<2.0.19",
                "symfony/security": ">=2,<2.0.25|>=2.1,<2.1.13|>=2.2,<2.2.9|>=2.3,<2.3.37|>=2.4,<2.6.13|>=2.7,<2.7.9|>=2.7.30,<2.7.32|>=2.8.23,<2.8.25|>=3.2.10,<3.2.12|>=3.3.3,<3.3.5",
                "symfony/security-core": ">=2.4,<2.6.13|>=2.7,<2.7.9|>=2.7.30,<2.7.32|>=2.8,<2.8.6|>=2.8.23,<2.8.25|>=3,<3.0.6|>=3.2.10,<3.2.12|>=3.3.3,<3.3.5",
                "symfony/security-csrf": ">=2.7,<2.7.38|>=2.8,<2.8.31|>=3,<3.2.14|>=3.3,<3.3.13",
                "symfony/security-http": ">=2.3,<2.3.41|>=2.4,<2.7.38|>=2.8,<2.8.31|>=3,<3.2.14|>=3.3,<3.3.13",
                "symfony/serializer": ">=2,<2.0.11",
                "symfony/symfony": ">=2,<2.3.41|>=2.4,<2.7.38|>=2.8,<2.8.31|>=3,<3.2.14|>=3.3,<3.3.13",
                "symfony/translation": ">=2,<2.0.17",
                "symfony/validator": ">=2,<2.0.24|>=2.1,<2.1.12|>=2.2,<2.2.5|>=2.3,<2.3.3",
                "symfony/web-profiler-bundle": ">=2,<2.3.19|>=2.4,<2.4.9|>=2.5,<2.5.4",
                "symfony/yaml": ">=2,<2.0.22|>=2.1,<2.1.7",
                "thelia/backoffice-default-template": ">=2.1,<2.1.2",
                "thelia/thelia": ">=2.1,<2.1.2|>=2.1.0-beta1,<2.1.3",
                "titon/framework": ">=0,<9.9.99",
                "twig/twig": "<1.20",
                "typo3/cms": ">=6.2,<6.2.30|>=7,<7.6.22|>=8,<8.7.5",
                "typo3/flow": ">=1,<1.0.4|>=1.1,<1.1.1|>=2,<2.0.1|>=2.3,<2.3.16|>=3,<3.0.10|>=3.1,<3.1.7|>=3.2,<3.2.7|>=3.3,<3.3.5",
                "typo3/neos": ">=1.1,<1.1.3|>=1.2,<1.2.13|>=2,<2.0.4",
                "willdurand/js-translation-bundle": "<2.1.1",
                "yiisoft/yii": ">=1.1.14,<1.1.15",
                "yiisoft/yii2": "<2.0.14",
                "yiisoft/yii2-bootstrap": "<2.0.4",
                "yiisoft/yii2-dev": "<2.0.14",
                "yiisoft/yii2-gii": "<2.0.4",
                "yiisoft/yii2-jui": "<2.0.4",
                "zendframework/zend-cache": ">=2.4,<2.4.8|>=2.5,<2.5.3",
                "zendframework/zend-captcha": ">=2,<2.4.9|>=2.5,<2.5.2",
                "zendframework/zend-crypt": ">=2,<2.4.9|>=2.5,<2.5.2",
                "zendframework/zend-db": ">=2,<2.0.99|>=2.1,<2.1.99|>=2.2,<2.2.10|>=2.3,<2.3.5",
                "zendframework/zend-diactoros": ">=1,<1.0.4",
                "zendframework/zend-form": ">=2,<2.2.7|>=2.3,<2.3.1",
                "zendframework/zend-http": ">=2,<2.0.99|>=2.1,<2.1.99|>=2.3,<2.3.8|>=2.4,<2.4.1",
                "zendframework/zend-json": ">=2.1,<2.1.6|>=2.2,<2.2.6",
                "zendframework/zend-ldap": ">=2,<2.0.99|>=2.1,<2.1.99|>=2.2,<2.2.8|>=2.3,<2.3.3",
                "zendframework/zend-mail": ">=2,<2.4.11|>=2.5,<2.7.2",
                "zendframework/zend-navigation": ">=2,<2.2.7|>=2.3,<2.3.1",
                "zendframework/zend-session": ">=2,<2.0.99|>=2.1,<2.1.99|>=2.2,<2.2.9|>=2.3,<2.3.4",
                "zendframework/zend-validator": ">=2.3,<2.3.6",
                "zendframework/zend-view": ">=2,<2.2.7|>=2.3,<2.3.1",
                "zendframework/zend-xmlrpc": ">=2.1,<2.1.6|>=2.2,<2.2.6",
                "zendframework/zendframework": ">=2,<2.4.11|>=2.5,<2.5.1",
                "zendframework/zendframework1": "<1.12.20",
                "zendframework/zendopenid": ">=2,<2.0.2",
                "zendframework/zendxml": ">=1,<1.0.1",
                "zetacomponents/mail": "<1.8.2",
                "zf-commons/zfc-user": "<1.2.2",
                "zfcampus/zf-apigility-doctrine": ">=1,<1.0.3",
                "zfr/zfr-oauth2-server-module": "<0.1.2"
            },
            "type": "metapackage",
            "notification-url": "https://packagist.org/downloads/",
            "license": [
                "MIT"
            ],
            "authors": [
                {
                    "name": "Marco Pivetta",
                    "email": "ocramius@gmail.com",
                    "role": "maintainer"
                }
            ],
            "description": "Prevents installation of composer packages with known security vulnerabilities: no API, simply require it",
            "time": "2018-03-04T21:39:48+00:00"
        },
        {
            "name": "symfony/polyfill-mbstring",
            "version": "v1.7.0",
            "source": {
                "type": "git",
                "url": "https://github.com/symfony/polyfill-mbstring.git",
                "reference": "78be803ce01e55d3491c1397cf1c64beb9c1b63b"
            },
            "dist": {
                "type": "zip",
                "url": "https://api.github.com/repos/symfony/polyfill-mbstring/zipball/78be803ce01e55d3491c1397cf1c64beb9c1b63b",
                "reference": "78be803ce01e55d3491c1397cf1c64beb9c1b63b",
                "shasum": ""
            },
            "require": {
                "php": ">=5.3.3"
            },
            "suggest": {
                "ext-mbstring": "For best performance"
            },
            "type": "library",
            "extra": {
                "branch-alias": {
                    "dev-master": "1.7-dev"
                }
            },
            "autoload": {
                "psr-4": {
                    "Symfony\\Polyfill\\Mbstring\\": ""
                },
                "files": [
                    "bootstrap.php"
                ]
            },
            "notification-url": "https://packagist.org/downloads/",
            "license": [
                "MIT"
            ],
            "authors": [
                {
                    "name": "Nicolas Grekas",
                    "email": "p@tchwork.com"
                },
                {
                    "name": "Symfony Community",
                    "homepage": "https://symfony.com/contributors"
                }
            ],
            "description": "Symfony polyfill for the Mbstring extension",
            "homepage": "https://symfony.com",
            "keywords": [
                "compatibility",
                "mbstring",
                "polyfill",
                "portable",
                "shim"
            ],
            "time": "2018-01-30T19:27:44+00:00"
        },
        {
            "name": "tinify/tinify",
            "version": "1.5.2",
            "source": {
                "type": "git",
                "url": "https://github.com/tinify/tinify-php.git",
                "reference": "b15d1f31d94d9b06e60251543cc918f426f0d55b"
            },
            "dist": {
                "type": "zip",
                "url": "https://api.github.com/repos/tinify/tinify-php/zipball/b15d1f31d94d9b06e60251543cc918f426f0d55b",
                "reference": "b15d1f31d94d9b06e60251543cc918f426f0d55b",
                "shasum": ""
            },
            "require": {
                "ext-curl": "*",
                "ext-json": "*",
                "lib-curl": ">=7.20.0",
                "php": ">=5.3.0"
            },
            "require-dev": {
                "phpunit/phpunit": "~4.0",
                "symfony/yaml": "~2.0"
            },
            "type": "library",
            "autoload": {
                "files": [
                    "lib/Tinify.php",
                    "lib/Tinify/Exception.php"
                ],
                "psr-4": {
                    "Tinify\\": "lib/Tinify/"
                }
            },
            "notification-url": "https://packagist.org/downloads/",
            "license": [
                "MIT"
            ],
            "authors": [
                {
                    "name": "Rolf Timmermans",
                    "email": "rolftimmermans@voormedia.com"
                }
            ],
            "description": "PHP client for the Tinify API. Tinify compresses your images intelligently. Read more at https://tinify.com.",
            "homepage": "https://tinify.com/developers",
            "keywords": [
                "api",
                "compress",
                "images",
                "tinify",
                "tinyjpg",
                "tinypng"
            ],
            "time": "2017-07-19T12:26:04+00:00"
        },
        {
            "name": "twig/twig",
            "version": "v2.4.3",
            "source": {
                "type": "git",
                "url": "https://github.com/twigphp/Twig.git",
                "reference": "eab7c3288ae6603d7d6f92b531626af2b162d1f2"
            },
            "dist": {
                "type": "zip",
                "url": "https://api.github.com/repos/twigphp/Twig/zipball/eab7c3288ae6603d7d6f92b531626af2b162d1f2",
                "reference": "eab7c3288ae6603d7d6f92b531626af2b162d1f2",
                "shasum": ""
            },
            "require": {
                "php": "^7.0",
                "symfony/polyfill-mbstring": "~1.0"
            },
            "require-dev": {
                "psr/container": "^1.0",
                "symfony/debug": "~2.7",
                "symfony/phpunit-bridge": "~3.3@dev"
            },
            "type": "library",
            "extra": {
                "branch-alias": {
                    "dev-master": "2.4-dev"
                }
            },
            "autoload": {
                "psr-0": {
                    "Twig_": "lib/"
                },
                "psr-4": {
                    "Twig\\": "src/"
                }
            },
            "notification-url": "https://packagist.org/downloads/",
            "license": [
                "BSD-3-Clause"
            ],
            "authors": [
                {
                    "name": "Fabien Potencier",
                    "email": "fabien@symfony.com",
                    "homepage": "http://fabien.potencier.org",
                    "role": "Lead Developer"
                },
                {
                    "name": "Armin Ronacher",
                    "email": "armin.ronacher@active-4.com",
                    "role": "Project Founder"
                },
                {
                    "name": "Twig Team",
                    "homepage": "http://twig.sensiolabs.org/contributors",
                    "role": "Contributors"
                }
            ],
            "description": "Twig, the flexible, fast, and secure template language for PHP",
            "homepage": "http://twig.sensiolabs.org",
            "keywords": [
                "templating"
            ],
            "time": "2017-06-07T18:47:58+00:00"
        }
    ],
    "packages-dev": [],
    "aliases": [],
    "minimum-stability": "stable",
    "stability-flags": {
        "roave/security-advisories": 20
    },
    "prefer-stable": false,
    "prefer-lowest": false,
    "platform": {
        "php": "^7.0"
    },
    "platform-dev": []
}
